{
  "name": "tslua",
  "version": "1.0.0",
  "lockfileVersion": 1,
  "requires": true,
  "dependencies": {
    "enhanced-resolve": {
      "version": "5.8.2",
      "resolved": "https://repo.huaweicloud.com/repository/npm/enhanced-resolve/-/enhanced-resolve-5.8.2.tgz",
      "integrity": "sha512-F27oB3WuHDzvR2DOGNTaYy0D5o0cnrv8TeI482VM4kYgQd/FT9lUQwuNsJ0oOHtBUq7eiW5ytqzp7nBFknL+GA==",
      "dev": true,
      "requires": {
        "graceful-fs": "^4.2.4",
        "tapable": "^2.2.0"
      }
    },
    "function-bind": {
      "version": "1.1.1",
      "resolved": "https://repo.huaweicloud.com/repository/npm/function-bind/-/function-bind-1.1.1.tgz",
      "integrity": "sha512-yIovAzMX49sF8Yl58fSCWJ5svSLuaibPxXQJFLmBObTuCr0Mf1KiPopGM9NiFjiYBCbfaa2Fh6breQ6ANVTI0A==",
      "dev": true
    },
    "graceful-fs": {
      "version": "4.2.6",
      "resolved": "https://repo.huaweicloud.com/repository/npm/graceful-fs/-/graceful-fs-4.2.6.tgz",
      "integrity": "sha512-nTnJ528pbqxYanhpDYsi4Rd8MAeaBA67+RZ10CM1m3bTAVFEDcd5AuA4a6W5YkGZ1iNXHzZz8T6TBKLeBuNriQ==",
      "dev": true
    },
    "has": {
      "version": "1.0.3",
      "resolved": "https://repo.huaweicloud.com/repository/npm/has/-/has-1.0.3.tgz",
      "integrity": "sha512-f2dvO0VU6Oej7RkWJGrehjbzMAjFp5/VKPp5tTpWIV4JHHZK1/BxbFRtf/siA2SWTe09caDmVtYYzWEIbBS4zw==",
      "dev": true,
      "requires": {
        "function-bind": "^1.1.1"
      }
    },
    "is-core-module": {
      "version": "2.4.0",
      "resolved": "https://repo.huaweicloud.com/repository/npm/is-core-module/-/is-core-module-2.4.0.tgz",
      "integrity": "sha512-6A2fkfq1rfeQZjxrZJGerpLCTHRNEBiSgnu0+obeJpEPZRUooHgsizvzv0ZjJwOz3iWIHdJtVWJ/tmPr3D21/A==",
      "dev": true,
      "requires": {
        "has": "^1.0.3"
      }
    },
    "path-parse": {
      "version": "1.0.7",
      "resolved": "https://repo.huaweicloud.com/repository/npm/path-parse/-/path-parse-1.0.7.tgz",
      "integrity": "sha512-LDJzPVEEEPR+y48z93A0Ed0yXb8pAByGWo/k5YYdYgpY2/2EsOsksJrq7lOHxryrVOn1ejG6oAp8ahvOIQD8sw==",
      "dev": true
    },
    "resolve": {
      "version": "1.20.0",
      "resolved": "https://repo.huaweicloud.com/repository/npm/resolve/-/resolve-1.20.0.tgz",
      "integrity": "sha512-wENBPt4ySzg4ybFQW2TT1zMQucPK95HSh/nq2CFTZVOGut2+pQvSsgtda4d26YrYcr067wjbmzOG8byDPBX63A==",
      "dev": true,
      "requires": {
        "is-core-module": "^2.2.0",
        "path-parse": "^1.0.6"
      }
    },
    "source-map": {
      "version": "0.7.3",
      "resolved": "https://repo.huaweicloud.com/repository/npm/source-map/-/source-map-0.7.3.tgz",
      "integrity": "sha512-CkCj6giN3S+n9qrYiBTX5gystlENnRW5jZeNLHpe6aue+SrHcG5VYwujhW9s4dY31mEGsxBDrHR6oI69fTXsaQ==",
      "dev": true
    },
    "tapable": {
      "version": "2.2.0",
      "resolved": "https://repo.huaweicloud.com/repository/npm/tapable/-/tapable-2.2.0.tgz",
      "integrity": "sha512-FBk4IesMV1rBxX2tfiK8RAmogtWn53puLOQlvO8XuwlgxcYbP4mVPS9Ph4aeamSyyVjOl24aYWAuc8U5kCVwMw==",
      "dev": true
    },
    "typescript": {
      "version": "4.3.5",
      "resolved": "https://repo.huaweicloud.com/repository/npm/typescript/-/typescript-4.3.5.tgz",
      "integrity": "sha512-DqQgihaQ9cUrskJo9kIyW/+g0Vxsk8cDtZ52a3NGh0YNTfpUSArXSohyUGnvbPazEPLu398C0UxmKSOrPumUzA==",
      "dev": true
    },
    "typescript-to-lua": {
      "version": "0.40.1",
      "resolved": "https://repo.huaweicloud.com/repository/npm/typescript-to-lua/-/typescript-to-lua-0.40.1.tgz",
      "integrity": "sha512-wbnXddF+kPWKDQMcuVZLRUeZsMde5Qni6FnYIc3SKOAhg2/ZAm9ctWQsyQLwH8piMUX+uZzFXaJ3pMe186crfw==",
      "dev": true,
      "requires": {
        "enhanced-resolve": "^5.8.2",
        "resolve": "^1.15.1",
        "source-map": "^0.7.3",
        "typescript": "~4.3.2"
      }
    }
  }
}
